
Microsoft Visual Studio Solution File, Format Version 12.00
# Visual Studio 14
VisualStudioVersion = 14.0.25420.1
MinimumVisualStudioVersion = 10.0.40219.1
Project("{8BC9CEB8-8B4A-11D0-8D11-00A0C91BC942}") = "LABWORK1", "LABWORK1\LABWORK1.vcxproj", "{6B050F25-8887-45E8-AA2E-AA5CF933E044}"
EndProject
Project("{8BC9CEB8-8B4A-11D0-8D11-00A0C91BC942}") = "LABWORK1sec", "LABWORK1sec\LABWORK1sec.vcxproj", "{0EC114FB-4B1E-475E-8323-EA15A23901C6}"
EndProject
Global
	GlobalSection(SolutionConfigurationPlatforms) = preSolution
		Debug|x64 = Debug|x64
		Debug|x86 = Debug|x86
		Release|x64 = Release|x64
		Release|x86 = Release|x86
	EndGlobalSection
	GlobalSection(ProjectConfigurationPlatforms) = postSolution
		{6B050F25-8887-45E8-AA2E-AA5CF933E044}.Debug|x64.ActiveCfg = Debug|x64
		{6B050F25-8887-45E8-AA2E-AA5CF933E044}.Debug|x64.Build.0 = Debug|x64
		{6B050F25-8887-45E8-AA2E-AA5CF933E044}.Debug|x86.ActiveCfg = Debug|Win32
		{6B050F25-8887-45E8-AA2E-AA5CF933E044}.Debug|x86.Build.0 = Debug|Win32
		{6B050F25-8887-45E8-AA2E-AA5CF933E044}.Release|x64.ActiveCfg = Release|x64
		{6B050F25-8887-45E8-AA2E-AA5CF933E044}.Release|x64.Build.0 = Release|x64
		{6B050F25-8887-45E8-AA2E-AA5CF933E044}.Release|x86.ActiveCfg = Release|Win32
		{6B050F25-8887-45E8-AA2E-AA5CF933E044}.Release|x86.Build.0 = Release|Win32
		{0EC114FB-4B1E-475E-8323-EA15A23901C6}.Debug|x64.ActiveCfg = Debug|x64
		{0EC114FB-4B1E-475E-8323-EA15A23901C6}.Debug|x64.Build.0 = Debug|x64
		{0EC114FB-4B1E-475E-8323-EA15A23901C6}.Debug|x86.ActiveCfg = Debug|Win32
		{0EC114FB-4B1E-475E-8323-EA15A23901C6}.Debug|x86.Build.0 = Debug|Win32
		{0EC114FB-4B1E-475E-8323-EA15A23901C6}.Release|x64.ActiveCfg = Release|x64
		{0EC114FB-4B1E-475E-8323-EA15A23901C6}.Release|x64.Build.0 = Release|x64
		{0EC114FB-4B1E-475E-8323-EA15A23901C6}.Release|x86.ActiveCfg = Release|Win32
		{0EC114FB-4B1E-475E-8323-EA15A23901C6}.Release|x86.Build.0 = Release|Win32
	EndGlobalSection
	GlobalSection(SolutionProperties) = preSolution
		HideSolutionNode = FALSE
	EndGlobalSection
EndGlobal
